
Microsoft Visual Studio Solution File, Format Version 12.00
# Visual Studio Version 16
VisualStudioVersion = 16.0.32630.194
MinimumVisualStudioVersion = 10.0.40219.1
Project("{9A19103F-16F7-4668-BE54-9A1E7A4F7556}") = "Shop.Admin", "Shop.Admin\Shop.Admin.csproj", "{7FB30EE5-4DED-4FCF-96F9-1E75B8AA5ED1}"
EndProject
Project("{9A19103F-16F7-4668-BE54-9A1E7A4F7556}") = "Shop.Web", "Shop.Web\Shop.Web.csproj", "{9AFE69C4-FB00-475D-8EDD-4918AE18B78F}"
EndProject
Project("{9A19103F-16F7-4668-BE54-9A1E7A4F7556}") = "Shop.Api", "Shop.Api\Shop.Api.csproj", "{A3D131E3-C4FD-4A65-944C-FF8759AF5F96}"
EndProject
Project("{9A19103F-16F7-4668-BE54-9A1E7A4F7556}") = "Shop.Logic", "Shop.Logic\Shop.Logic.csproj", "{9265D137-581E-437C-91AC-890A29AA1ADF}"
EndProject
Project("{9A19103F-16F7-4668-BE54-9A1E7A4F7556}") = "Shop.DataModels", "Shop.DataModels\Shop.DataModels.csproj", "{45D5BAE9-1D1F-4AE0-99AD-42E384DBA5FE}"
EndProject
Global
	GlobalSection(SolutionConfigurationPlatforms) = preSolution
		Debug|Any CPU = Debug|Any CPU
		Release|Any CPU = Release|Any CPU
	EndGlobalSection
	GlobalSection(ProjectConfigurationPlatforms) = postSolution
		{7FB30EE5-4DED-4FCF-96F9-1E75B8AA5ED1}.Debug|Any CPU.ActiveCfg = Debug|Any CPU
		{7FB30EE5-4DED-4FCF-96F9-1E75B8AA5ED1}.Debug|Any CPU.Build.0 = Debug|Any CPU
		{7FB30EE5-4DED-4FCF-96F9-1E75B8AA5ED1}.Release|Any CPU.ActiveCfg = Release|Any CPU
		{7FB30EE5-4DED-4FCF-96F9-1E75B8AA5ED1}.Release|Any CPU.Build.0 = Release|Any CPU
		{9AFE69C4-FB00-475D-8EDD-4918AE18B78F}.Debug|Any CPU.ActiveCfg = Debug|Any CPU
		{9AFE69C4-FB00-475D-8EDD-4918AE18B78F}.Debug|Any CPU.Build.0 = Debug|Any CPU
		{9AFE69C4-FB00-475D-8EDD-4918AE18B78F}.Release|Any CPU.ActiveCfg = Release|Any CPU
		{9AFE69C4-FB00-475D-8EDD-4918AE18B78F}.Release|Any CPU.Build.0 = Release|Any CPU
		{A3D131E3-C4FD-4A65-944C-FF8759AF5F96}.Debug|Any CPU.ActiveCfg = Debug|Any CPU
		{A3D131E3-C4FD-4A65-944C-FF8759AF5F96}.Debug|Any CPU.Build.0 = Debug|Any CPU
		{A3D131E3-C4FD-4A65-944C-FF8759AF5F96}.Release|Any CPU.ActiveCfg = Release|Any CPU
		{A3D131E3-C4FD-4A65-944C-FF8759AF5F96}.Release|Any CPU.Build.0 = Release|Any CPU
		{9265D137-581E-437C-91AC-890A29AA1ADF}.Debug|Any CPU.ActiveCfg = Debug|Any CPU
		{9265D137-581E-437C-91AC-890A29AA1ADF}.Debug|Any CPU.Build.0 = Debug|Any CPU
		{9265D137-581E-437C-91AC-890A29AA1ADF}.Release|Any CPU.ActiveCfg = Release|Any CPU
		{9265D137-581E-437C-91AC-890A29AA1ADF}.Release|Any CPU.Build.0 = Release|Any CPU
		{45D5BAE9-1D1F-4AE0-99AD-42E384DBA5FE}.Debug|Any CPU.ActiveCfg = Debug|Any CPU
		{45D5BAE9-1D1F-4AE0-99AD-42E384DBA5FE}.Debug|Any CPU.Build.0 = Debug|Any CPU
		{45D5BAE9-1D1F-4AE0-99AD-42E384DBA5FE}.Release|Any CPU.ActiveCfg = Release|Any CPU
		{45D5BAE9-1D1F-4AE0-99AD-42E384DBA5FE}.Release|Any CPU.Build.0 = Release|Any CPU
	EndGlobalSection
	GlobalSection(SolutionProperties) = preSolution
		HideSolutionNode = FALSE
	EndGlobalSection
	GlobalSection(ExtensibilityGlobals) = postSolution
		SolutionGuid = {7D9242D1-99AD-4DE8-9AE5-36569D14711D}
	EndGlobalSection
EndGlobal
